
Microsoft Visual Studio Solution File, Format Version 12.00
# Visual Studio Version 17
VisualStudioVersion = 17.0.31903.59
MinimumVisualStudioVersion = 10.0.40219.1
Project("{2150E333-8FDC-42A3-9474-1A3956D46DE8}") = "Deploy", "Deploy", "{A0000001-0000-0000-0000-000000000001}"
EndProject
Project("{2150E333-8FDC-42A3-9474-1A3956D46DE8}") = "Core", "Core", "{A0000001-0000-0000-0000-000000000002}"
EndProject
Project("{2150E333-8FDC-42A3-9474-1A3956D46DE8}") = "Host", "Host", "{A0000001-0000-0000-0000-000000000003}"
EndProject
Project("{2150E333-8FDC-42A3-9474-1A3956D46DE8}") = "Game", "Game", "{A0000002-0000-0000-0000-000000000001}"
EndProject
Project("{2150E333-8FDC-42A3-9474-1A3956D46DE8}") = "Cards", "Cards", "{A0000002-0000-0000-0000-000000000002}"
EndProject
Project("{2150E333-8FDC-42A3-9474-1A3956D46DE8}") = "Currency", "Currency", "{A0000002-0000-0000-0000-000000000003}"
EndProject
Project("{2150E333-8FDC-42A3-9474-1A3956D46DE8}") = "Inventory", "Inventory", "{A0000002-0000-0000-0000-000000000004}"
EndProject
Project("{2150E333-8FDC-42A3-9474-1A3956D46DE8}") = "Loadout", "Loadout", "{A0000002-0000-0000-0000-000000000005}"
EndProject
Project("{2150E333-8FDC-42A3-9474-1A3956D46DE8}") = "Roguelike", "Roguelike", "{A0000002-0000-0000-0000-000000000006}"
EndProject
Project("{2150E333-8FDC-42A3-9474-1A3956D46DE8}") = "Tracks", "Tracks", "{A0000002-0000-0000-0000-000000000007}"
EndProject
Project("{FAE04EC0-301F-11D3-BF4B-00C04F79EFBC}") = "LiveOps.DTO", "Deploy\Core\LiveOps.DTO\LiveOps.DTO.csproj", "{22CD102E-5ED8-440C-8987-BBF7F701DF12}"
EndProject
Project("{FAE04EC0-301F-11D3-BF4B-00C04F79EFBC}") = "LiveOps.Core", "Deploy\Core\LiveOps.Core\LiveOps.Core.csproj", "{972F4CE2-781F-4D38-9774-542B361FD23B}"
EndProject
Project("{FAE04EC0-301F-11D3-BF4B-00C04F79EFBC}") = "LiveOps", "Deploy\LiveOps\LiveOps.csproj", "{F5486BC7-9B72-46A6-9C73-91BF2491C0A3}"
EndProject
Project("{FAE04EC0-301F-11D3-BF4B-00C04F79EFBC}") = "Game.LiveOps.Cards", "Game\Cards\Game.LiveOps.Cards.csproj", "{318E59C2-D63A-48CC-A608-DEA1D34AC248}"
EndProject
Project("{FAE04EC0-301F-11D3-BF4B-00C04F79EFBC}") = "Game.LiveOps.Cards.DTO", "Game\Cards.DTO\Game.LiveOps.Cards.DTO.csproj", "{939FDDB5-90F6-402D-BC0B-CFB4F62A7371}"
EndProject
Project("{FAE04EC0-301F-11D3-BF4B-00C04F79EFBC}") = "Game.LiveOps.Currency", "Game\Currency\Game.LiveOps.Currency.csproj", "{17CE9BCE-D154-48CD-8751-4C9F73EC0985}"
EndProject
Project("{FAE04EC0-301F-11D3-BF4B-00C04F79EFBC}") = "Game.LiveOps.Currency.DTO", "Game\Currency.DTO\Game.LiveOps.Currency.DTO.csproj", "{5B13BB4E-CFC9-4ED8-82BA-1080A662DCC0}"
EndProject
Project("{FAE04EC0-301F-11D3-BF4B-00C04F79EFBC}") = "Game.LiveOps.Inventory", "Game\Inventory\Game.LiveOps.Inventory.csproj", "{FB325E27-D326-4725-A0F9-6884A627F04B}"
EndProject
Project("{FAE04EC0-301F-11D3-BF4B-00C04F79EFBC}") = "Game.LiveOps.Inventory.DTO", "Game\Inventory.DTO\Game.LiveOps.Inventory.DTO.csproj", "{E2B9855F-4217-4922-B728-346A293CAE5B}"
EndProject
Project("{FAE04EC0-301F-11D3-BF4B-00C04F79EFBC}") = "Game.LiveOps.Loadout", "Game\Loadout\Game.LiveOps.Loadout.csproj", "{541F7EA5-E4AD-464E-8427-7ACB1CA63119}"
EndProject
Project("{FAE04EC0-301F-11D3-BF4B-00C04F79EFBC}") = "Game.LiveOps.Loadout.DTO", "Game\Loadout.DTO\Game.LiveOps.Loadout.DTO.csproj", "{0FDB2B5B-AA5A-4C59-9B02-0E435C8ADA5C}"
EndProject
Project("{FAE04EC0-301F-11D3-BF4B-00C04F79EFBC}") = "Game.LiveOps.Roguelike", "Game\Roguelike\Game.LiveOps.Roguelike.csproj", "{20D55D0B-4054-4991-B599-CC1BF8BE95E4}"
EndProject
Project("{FAE04EC0-301F-11D3-BF4B-00C04F79EFBC}") = "Game.LiveOps.Roguelike.DTO", "Game\Roguelike.DTO\Game.LiveOps.Roguelike.DTO.csproj", "{4CA5BE2F-1BB3-49BD-8F16-295B60026861}"
EndProject
Project("{FAE04EC0-301F-11D3-BF4B-00C04F79EFBC}") = "Game.LiveOps.Tracks", "Game\Tracks\Game.LiveOps.Tracks.csproj", "{5FA0E57F-99E1-4E39-B7A1-D7B16A29F1EE}"
EndProject
Project("{FAE04EC0-301F-11D3-BF4B-00C04F79EFBC}") = "Game.LiveOps.Tracks.DTO", "Game\Tracks.DTO\Game.LiveOps.Tracks.DTO.csproj", "{5C829228-7CAD-43E6-997A-D750BED6AC4B}"
EndProject
Global
	GlobalSection(SolutionConfigurationPlatforms) = preSolution
		Debug|Any CPU = Debug|Any CPU
		Debug|x64 = Debug|x64
		Debug|x86 = Debug|x86
		Release|Any CPU = Release|Any CPU
		Release|x64 = Release|x64
		Release|x86 = Release|x86
	EndGlobalSection
	GlobalSection(ProjectConfigurationPlatforms) = postSolution
		{22CD102E-5ED8-440C-8987-BBF7F701DF12}.Debug|Any CPU.ActiveCfg = Debug|Any CPU
		{22CD102E-5ED8-440C-8987-BBF7F701DF12}.Debug|Any CPU.Build.0 = Debug|Any CPU
		{22CD102E-5ED8-440C-8987-BBF7F701DF12}.Debug|x64.ActiveCfg = Debug|Any CPU
		{22CD102E-5ED8-440C-8987-BBF7F701DF12}.Debug|x64.Build.0 = Debug|Any CPU
		{22CD102E-5ED8-440C-8987-BBF7F701DF12}.Debug|x86.ActiveCfg = Debug|Any CPU
		{22CD102E-5ED8-440C-8987-BBF7F701DF12}.Debug|x86.Build.0 = Debug|Any CPU
		{22CD102E-5ED8-440C-8987-BBF7F701DF12}.Release|Any CPU.ActiveCfg = Release|Any CPU
		{22CD102E-5ED8-440C-8987-BBF7F701DF12}.Release|Any CPU.Build.0 = Release|Any CPU
		{22CD102E-5ED8-440C-8987-BBF7F701DF12}.Release|x64.ActiveCfg = Release|Any CPU
		{22CD102E-5ED8-440C-8987-BBF7F701DF12}.Release|x64.Build.0 = Release|Any CPU
		{22CD102E-5ED8-440C-8987-BBF7F701DF12}.Release|x86.ActiveCfg = Release|Any CPU
		{22CD102E-5ED8-440C-8987-BBF7F701DF12}.Release|x86.Build.0 = Release|Any CPU
		{972F4CE2-781F-4D38-9774-542B361FD23B}.Debug|Any CPU.ActiveCfg = Debug|Any CPU
		{972F4CE2-781F-4D38-9774-542B361FD23B}.Debug|Any CPU.Build.0 = Debug|Any CPU
		{972F4CE2-781F-4D38-9774-542B361FD23B}.Debug|x64.ActiveCfg = Debug|Any CPU
		{972F4CE2-781F-4D38-9774-542B361FD23B}.Debug|x64.Build.0 = Debug|Any CPU
		{972F4CE2-781F-4D38-9774-542B361FD23B}.Debug|x86.ActiveCfg = Debug|Any CPU
		{972F4CE2-781F-4D38-9774-542B361FD23B}.Debug|x86.Build.0 = Debug|Any CPU
		{972F4CE2-781F-4D38-9774-542B361FD23B}.Release|Any CPU.ActiveCfg = Release|Any CPU
		{972F4CE2-781F-4D38-9774-542B361FD23B}.Release|Any CPU.Build.0 = Release|Any CPU
		{972F4CE2-781F-4D38-9774-542B361FD23B}.Release|x64.ActiveCfg = Release|Any CPU
		{972F4CE2-781F-4D38-9774-542B361FD23B}.Release|x64.Build.0 = Release|Any CPU
		{972F4CE2-781F-4D38-9774-542B361FD23B}.Release|x86.ActiveCfg = Release|Any CPU
		{972F4CE2-781F-4D38-9774-542B361FD23B}.Release|x86.Build.0 = Release|Any CPU
		{F5486BC7-9B72-46A6-9C73-91BF2491C0A3}.Debug|Any CPU.ActiveCfg = Debug|Any CPU
		{F5486BC7-9B72-46A6-9C73-91BF2491C0A3}.Debug|Any CPU.Build.0 = Debug|Any CPU
		{F5486BC7-9B72-46A6-9C73-91BF2491C0A3}.Debug|x64.ActiveCfg = Debug|Any CPU
		{F5486BC7-9B72-46A6-9C73-91BF2491C0A3}.Debug|x64.Build.0 = Debug|Any CPU
		{F5486BC7-9B72-46A6-9C73-91BF2491C0A3}.Debug|x86.ActiveCfg = Debug|Any CPU
		{F5486BC7-9B72-46A6-9C73-91BF2491C0A3}.Debug|x86.Build.0 = Debug|Any CPU
		{F5486BC7-9B72-46A6-9C73-91BF2491C0A3}.Release|Any CPU.ActiveCfg = Release|Any CPU
		{F5486BC7-9B72-46A6-9C73-91BF2491C0A3}.Release|Any CPU.Build.0 = Release|Any CPU
		{F5486BC7-9B72-46A6-9C73-91BF2491C0A3}.Release|x64.ActiveCfg = Release|Any CPU
		{F5486BC7-9B72-46A6-9C73-91BF2491C0A3}.Release|x64.Build.0 = Release|Any CPU
		{F5486BC7-9B72-46A6-9C73-91BF2491C0A3}.Release|x86.ActiveCfg = Release|Any CPU
		{F5486BC7-9B72-46A6-9C73-91BF2491C0A3}.Release|x86.Build.0 = Release|Any CPU
		{318E59C2-D63A-48CC-A608-DEA1D34AC248}.Debug|Any CPU.ActiveCfg = Debug|Any CPU
		{318E59C2-D63A-48CC-A608-DEA1D34AC248}.Debug|Any CPU.Build.0 = Debug|Any CPU
		{318E59C2-D63A-48CC-A608-DEA1D34AC248}.Debug|x64.ActiveCfg = Debug|Any CPU
		{318E59C2-D63A-48CC-A608-DEA1D34AC248}.Debug|x64.Build.0 = Debug|Any CPU
		{318E59C2-D63A-48CC-A608-DEA1D34AC248}.Debug|x86.ActiveCfg = Debug|Any CPU
		{318E59C2-D63A-48CC-A608-DEA1D34AC248}.Debug|x86.Build.0 = Debug|Any CPU
		{318E59C2-D63A-48CC-A608-DEA1D34AC248}.Release|Any CPU.ActiveCfg = Release|Any CPU
		{318E59C2-D63A-48CC-A608-DEA1D34AC248}.Release|Any CPU.Build.0 = Release|Any CPU
		{318E59C2-D63A-48CC-A608-DEA1D34AC248}.Release|x64.ActiveCfg = Release|Any CPU
		{318E59C2-D63A-48CC-A608-DEA1D34AC248}.Release|x64.Build.0 = Release|Any CPU
		{318E59C2-D63A-48CC-A608-DEA1D34AC248}.Release|x86.ActiveCfg = Release|Any CPU
		{318E59C2-D63A-48CC-A608-DEA1D34AC248}.Release|x86.Build.0 = Release|Any CPU
		{939FDDB5-90F6-402D-BC0B-CFB4F62A7371}.Debug|Any CPU.ActiveCfg = Debug|Any CPU
		{939FDDB5-90F6-402D-BC0B-CFB4F62A7371}.Debug|Any CPU.Build.0 = Debug|Any CPU
		{939FDDB5-90F6-402D-BC0B-CFB4F62A7371}.Debug|x64.ActiveCfg = Debug|Any CPU
		{939FDDB5-90F6-402D-BC0B-CFB4F62A7371}.Debug|x64.Build.0 = Debug|Any CPU
		{939FDDB5-90F6-402D-BC0B-CFB4F62A7371}.Debug|x86.ActiveCfg = Debug|Any CPU
		{939FDDB5-90F6-402D-BC0B-CFB4F62A7371}.Debug|x86.Build.0 = Debug|Any CPU
		{939FDDB5-90F6-402D-BC0B-CFB4F62A7371}.Release|Any CPU.ActiveCfg = Release|Any CPU
		{939FDDB5-90F6-402D-BC0B-CFB4F62A7371}.Release|Any CPU.Build.0 = Release|Any CPU
		{939FDDB5-90F6-402D-BC0B-CFB4F62A7371}.Release|x64.ActiveCfg = Release|Any CPU
		{939FDDB5-90F6-402D-BC0B-CFB4F62A7371}.Release|x64.Build.0 = Release|Any CPU
		{939FDDB5-90F6-402D-BC0B-CFB4F62A7371}.Release|x86.ActiveCfg = Release|Any CPU
		{939FDDB5-90F6-402D-BC0B-CFB4F62A7371}.Release|x86.Build.0 = Release|Any CPU
		{17CE9BCE-D154-48CD-8751-4C9F73EC0985}.Debug|Any CPU.ActiveCfg = Debug|Any CPU
		{17CE9BCE-D154-48CD-8751-4C9F73EC0985}.Debug|Any CPU.Build.0 = Debug|Any CPU
		{17CE9BCE-D154-48CD-8751-4C9F73EC0985}.Debug|x64.ActiveCfg = Debug|Any CPU
		{17CE9BCE-D154-48CD-8751-4C9F73EC0985}.Debug|x64.Build.0 = Debug|Any CPU
		{17CE9BCE-D154-48CD-8751-4C9F73EC0985}.Debug|x86.ActiveCfg = Debug|Any CPU
		{17CE9BCE-D154-48CD-8751-4C9F73EC0985}.Debug|x86.Build.0 = Debug|Any CPU
		{17CE9BCE-D154-48CD-8751-4C9F73EC0985}.Release|Any CPU.ActiveCfg = Release|Any CPU
		{17CE9BCE-D154-48CD-8751-4C9F73EC0985}.Release|Any CPU.Build.0 = Release|Any CPU
		{17CE9BCE-D154-48CD-8751-4C9F73EC0985}.Release|x64.ActiveCfg = Release|Any CPU
		{17CE9BCE-D154-48CD-8751-4C9F73EC0985}.Release|x64.Build.0 = Release|Any CPU
		{17CE9BCE-D154-48CD-8751-4C9F73EC0985}.Release|x86.ActiveCfg = Release|Any CPU
		{17CE9BCE-D154-48CD-8751-4C9F73EC0985}.Release|x86.Build.0 = Release|Any CPU
		{5B13BB4E-CFC9-4ED8-82BA-1080A662DCC0}.Debug|Any CPU.ActiveCfg = Debug|Any CPU
		{5B13BB4E-CFC9-4ED8-82BA-1080A662DCC0}.Debug|Any CPU.Build.0 = Debug|Any CPU
		{5B13BB4E-CFC9-4ED8-82BA-1080A662DCC0}.Debug|x64.ActiveCfg = Debug|Any CPU
		{5B13BB4E-CFC9-4ED8-82BA-1080A662DCC0}.Debug|x64.Build.0 = Debug|Any CPU
		{5B13BB4E-CFC9-4ED8-82BA-1080A662DCC0}.Debug|x86.ActiveCfg = Debug|Any CPU
		{5B13BB4E-CFC9-4ED8-82BA-1080A662DCC0}.Debug|x86.Build.0 = Debug|Any CPU
		{5B13BB4E-CFC9-4ED8-82BA-1080A662DCC0}.Release|Any CPU.ActiveCfg = Release|Any CPU
		{5B13BB4E-CFC9-4ED8-82BA-1080A662DCC0}.Release|Any CPU.Build.0 = Release|Any CPU
		{5B13BB4E-CFC9-4ED8-82BA-1080A662DCC0}.Release|x64.ActiveCfg = Release|Any CPU
		{5B13BB4E-CFC9-4ED8-82BA-1080A662DCC0}.Release|x64.Build.0 = Release|Any CPU
		{5B13BB4E-CFC9-4ED8-82BA-1080A662DCC0}.Release|x86.ActiveCfg = Release|Any CPU
		{5B13BB4E-CFC9-4ED8-82BA-1080A662DCC0}.Release|x86.Build.0 = Release|Any CPU
		{FB325E27-D326-4725-A0F9-6884A627F04B}.Debug|Any CPU.ActiveCfg = Debug|Any CPU
		{FB325E27-D326-4725-A0F9-6884A627F04B}.Debug|Any CPU.Build.0 = Debug|Any CPU
		{FB325E27-D326-4725-A0F9-6884A627F04B}.Debug|x64.ActiveCfg = Debug|Any CPU
		{FB325E27-D326-4725-A0F9-6884A627F04B}.Debug|x64.Build.0 = Debug|Any CPU
		{FB325E27-D326-4725-A0F9-6884A627F04B}.Debug|x86.ActiveCfg = Debug|Any CPU
		{FB325E27-D326-4725-A0F9-6884A627F04B}.Debug|x86.Build.0 = Debug|Any CPU
		{FB325E27-D326-4725-A0F9-6884A627F04B}.Release|Any CPU.ActiveCfg = Release|Any CPU
		{FB325E27-D326-4725-A0F9-6884A627F04B}.Release|Any CPU.Build.0 = Release|Any CPU
		{FB325E27-D326-4725-A0F9-6884A627F04B}.Release|x64.ActiveCfg = Release|Any CPU
		{FB325E27-D326-4725-A0F9-6884A627F04B}.Release|x64.Build.0 = Release|Any CPU
		{FB325E27-D326-4725-A0F9-6884A627F04B}.Release|x86.ActiveCfg = Release|Any CPU
		{FB325E27-D326-4725-A0F9-6884A627F04B}.Release|x86.Build.0 = Release|Any CPU
		{E2B9855F-4217-4922-B728-346A293CAE5B}.Debug|Any CPU.ActiveCfg = Debug|Any CPU
		{E2B9855F-4217-4922-B728-346A293CAE5B}.Debug|Any CPU.Build.0 = Debug|Any CPU
		{E2B9855F-4217-4922-B728-346A293CAE5B}.Debug|x64.ActiveCfg = Debug|Any CPU
		{E2B9855F-4217-4922-B728-346A293CAE5B}.Debug|x64.Build.0 = Debug|Any CPU
		{E2B9855F-4217-4922-B728-346A293CAE5B}.Debug|x86.ActiveCfg = Debug|Any CPU
		{E2B9855F-4217-4922-B728-346A293CAE5B}.Debug|x86.Build.0 = Debug|Any CPU
		{E2B9855F-4217-4922-B728-346A293CAE5B}.Release|Any CPU.ActiveCfg = Release|Any CPU
		{E2B9855F-4217-4922-B728-346A293CAE5B}.Release|Any CPU.Build.0 = Release|Any CPU
		{E2B9855F-4217-4922-B728-346A293CAE5B}.Release|x64.ActiveCfg = Release|Any CPU
		{E2B9855F-4217-4922-B728-346A293CAE5B}.Release|x64.Build.0 = Release|Any CPU
		{E2B9855F-4217-4922-B728-346A293CAE5B}.Release|x86.ActiveCfg = Release|Any CPU
		{E2B9855F-4217-4922-B728-346A293CAE5B}.Release|x86.Build.0 = Release|Any CPU
		{541F7EA5-E4AD-464E-8427-7ACB1CA63119}.Debug|Any CPU.ActiveCfg = Debug|Any CPU
		{541F7EA5-E4AD-464E-8427-7ACB1CA63119}.Debug|Any CPU.Build.0 = Debug|Any CPU
		{541F7EA5-E4AD-464E-8427-7ACB1CA63119}.Debug|x64.ActiveCfg = Debug|Any CPU
		{541F7EA5-E4AD-464E-8427-7ACB1CA63119}.Debug|x64.Build.0 = Debug|Any CPU
		{541F7EA5-E4AD-464E-8427-7ACB1CA63119}.Debug|x86.ActiveCfg = Debug|Any CPU
		{541F7EA5-E4AD-464E-8427-7ACB1CA63119}.Debug|x86.Build.0 = Debug|Any CPU
		{541F7EA5-E4AD-464E-8427-7ACB1CA63119}.Release|Any CPU.ActiveCfg = Release|Any CPU
		{541F7EA5-E4AD-464E-8427-7ACB1CA63119}.Release|Any CPU.Build.0 = Release|Any CPU
		{541F7EA5-E4AD-464E-8427-7ACB1CA63119}.Release|x64.ActiveCfg = Release|Any CPU
		{541F7EA5-E4AD-464E-8427-7ACB1CA63119}.Release|x64.Build.0 = Release|Any CPU
		{541F7EA5-E4AD-464E-8427-7ACB1CA63119}.Release|x86.ActiveCfg = Release|Any CPU
		{541F7EA5-E4AD-464E-8427-7ACB1CA63119}.Release|x86.Build.0 = Release|Any CPU
		{0FDB2B5B-AA5A-4C59-9B02-0E435C8ADA5C}.Debug|Any CPU.ActiveCfg = Debug|Any CPU
		{0FDB2B5B-AA5A-4C59-9B02-0E435C8ADA5C}.Debug|Any CPU.Build.0 = Debug|Any CPU
		{0FDB2B5B-AA5A-4C59-9B02-0E435C8ADA5C}.Debug|x64.ActiveCfg = Debug|Any CPU
		{0FDB2B5B-AA5A-4C59-9B02-0E435C8ADA5C}.Debug|x64.Build.0 = Debug|Any CPU
		{0FDB2B5B-AA5A-4C59-9B02-0E435C8ADA5C}.Debug|x86.ActiveCfg = Debug|Any CPU
		{0FDB2B5B-AA5A-4C59-9B02-0E435C8ADA5C}.Debug|x86.Build.0 = Debug|Any CPU
		{0FDB2B5B-AA5A-4C59-9B02-0E435C8ADA5C}.Release|Any CPU.ActiveCfg = Release|Any CPU
		{0FDB2B5B-AA5A-4C59-9B02-0E435C8ADA5C}.Release|Any CPU.Build.0 = Release|Any CPU
		{0FDB2B5B-AA5A-4C59-9B02-0E435C8ADA5C}.Release|x64.ActiveCfg = Release|Any CPU
		{0FDB2B5B-AA5A-4C59-9B02-0E435C8ADA5C}.Release|x64.Build.0 = Release|Any CPU
		{0FDB2B5B-AA5A-4C59-9B02-0E435C8ADA5C}.Release|x86.ActiveCfg = Release|Any CPU
		{0FDB2B5B-AA5A-4C59-9B02-0E435C8ADA5C}.Release|x86.Build.0 = Release|Any CPU
		{20D55D0B-4054-4991-B599-CC1BF8BE95E4}.Debug|Any CPU.ActiveCfg = Debug|Any CPU
		{20D55D0B-4054-4991-B599-CC1BF8BE95E4}.Debug|Any CPU.Build.0 = Debug|Any CPU
		{20D55D0B-4054-4991-B599-CC1BF8BE95E4}.Debug|x64.ActiveCfg = Debug|Any CPU
		{20D55D0B-4054-4991-B599-CC1BF8BE95E4}.Debug|x64.Build.0 = Debug|Any CPU
		{20D55D0B-4054-4991-B599-CC1BF8BE95E4}.Debug|x86.ActiveCfg = Debug|Any CPU
		{20D55D0B-4054-4991-B599-CC1BF8BE95E4}.Debug|x86.Build.0 = Debug|Any CPU
		{20D55D0B-4054-4991-B599-CC1BF8BE95E4}.Release|Any CPU.ActiveCfg = Release|Any CPU
		{20D55D0B-4054-4991-B599-CC1BF8BE95E4}.Release|Any CPU.Build.0 = Release|Any CPU
		{20D55D0B-4054-4991-B599-CC1BF8BE95E4}.Release|x64.ActiveCfg = Release|Any CPU
		{20D55D0B-4054-4991-B599-CC1BF8BE95E4}.Release|x64.Build.0 = Release|Any CPU
		{20D55D0B-4054-4991-B599-CC1BF8BE95E4}.Release|x86.ActiveCfg = Release|Any CPU
		{20D55D0B-4054-4991-B599-CC1BF8BE95E4}.Release|x86.Build.0 = Release|Any CPU
		{4CA5BE2F-1BB3-49BD-8F16-295B60026861}.Debug|Any CPU.ActiveCfg = Debug|Any CPU
		{4CA5BE2F-1BB3-49BD-8F16-295B60026861}.Debug|Any CPU.Build.0 = Debug|Any CPU
		{4CA5BE2F-1BB3-49BD-8F16-295B60026861}.Debug|x64.ActiveCfg = Debug|Any CPU
		{4CA5BE2F-1BB3-49BD-8F16-295B60026861}.Debug|x64.Build.0 = Debug|Any CPU
		{4CA5BE2F-1BB3-49BD-8F16-295B60026861}.Debug|x86.ActiveCfg = Debug|Any CPU
		{4CA5BE2F-1BB3-49BD-8F16-295B60026861}.Debug|x86.Build.0 = Debug|Any CPU
		{4CA5BE2F-1BB3-49BD-8F16-295B60026861}.Release|Any CPU.ActiveCfg = Release|Any CPU
		{4CA5BE2F-1BB3-49BD-8F16-295B60026861}.Release|Any CPU.Build.0 = Release|Any CPU
		{4CA5BE2F-1BB3-49BD-8F16-295B60026861}.Release|x64.ActiveCfg = Release|Any CPU
		{4CA5BE2F-1BB3-49BD-8F16-295B60026861}.Release|x64.Build.0 = Release|Any CPU
		{4CA5BE2F-1BB3-49BD-8F16-295B60026861}.Release|x86.ActiveCfg = Release|Any CPU
		{4CA5BE2F-1BB3-49BD-8F16-295B60026861}.Release|x86.Build.0 = Release|Any CPU
		{5FA0E57F-99E1-4E39-B7A1-D7B16A29F1EE}.Debug|Any CPU.ActiveCfg = Debug|Any CPU
		{5FA0E57F-99E1-4E39-B7A1-D7B16A29F1EE}.Debug|Any CPU.Build.0 = Debug|Any CPU
		{5FA0E57F-99E1-4E39-B7A1-D7B16A29F1EE}.Debug|x64.ActiveCfg = Debug|Any CPU
		{5FA0E57F-99E1-4E39-B7A1-D7B16A29F1EE}.Debug|x64.Build.0 = Debug|Any CPU
		{5FA0E57F-99E1-4E39-B7A1-D7B16A29F1EE}.Debug|x86.ActiveCfg = Debug|Any CPU
		{5FA0E57F-99E1-4E39-B7A1-D7B16A29F1EE}.Debug|x86.Build.0 = Debug|Any CPU
		{5FA0E57F-99E1-4E39-B7A1-D7B16A29F1EE}.Release|Any CPU.ActiveCfg = Release|Any CPU
		{5FA0E57F-99E1-4E39-B7A1-D7B16A29F1EE}.Release|Any CPU.Build.0 = Release|Any CPU
		{5FA0E57F-99E1-4E39-B7A1-D7B16A29F1EE}.Release|x64.ActiveCfg = Release|Any CPU
		{5FA0E57F-99E1-4E39-B7A1-D7B16A29F1EE}.Release|x64.Build.0 = Release|Any CPU
		{5FA0E57F-99E1-4E39-B7A1-D7B16A29F1EE}.Release|x86.ActiveCfg = Release|Any CPU
		{5FA0E57F-99E1-4E39-B7A1-D7B16A29F1EE}.Release|x86.Build.0 = Release|Any CPU
		{5C829228-7CAD-43E6-997A-D750BED6AC4B}.Debug|Any CPU.ActiveCfg = Debug|Any CPU
		{5C829228-7CAD-43E6-997A-D750BED6AC4B}.Debug|Any CPU.Build.0 = Debug|Any CPU
		{5C829228-7CAD-43E6-997A-D750BED6AC4B}.Debug|x64.ActiveCfg = Debug|Any CPU
		{5C829228-7CAD-43E6-997A-D750BED6AC4B}.Debug|x64.Build.0 = Debug|Any CPU
		{5C829228-7CAD-43E6-997A-D750BED6AC4B}.Debug|x86.ActiveCfg = Debug|Any CPU
		{5C829228-7CAD-43E6-997A-D750BED6AC4B}.Debug|x86.Build.0 = Debug|Any CPU
		{5C829228-7CAD-43E6-997A-D750BED6AC4B}.Release|Any CPU.ActiveCfg = Release|Any CPU
		{5C829228-7CAD-43E6-997A-D750BED6AC4B}.Release|Any CPU.Build.0 = Release|Any CPU
		{5C829228-7CAD-43E6-997A-D750BED6AC4B}.Release|x64.ActiveCfg = Release|Any CPU
		{5C829228-7CAD-43E6-997A-D750BED6AC4B}.Release|x64.Build.0 = Release|Any CPU
		{5C829228-7CAD-43E6-997A-D750BED6AC4B}.Release|x86.ActiveCfg = Release|Any CPU
		{5C829228-7CAD-43E6-997A-D750BED6AC4B}.Release|x86.Build.0 = Release|Any CPU
	EndGlobalSection
	GlobalSection(SolutionProperties) = preSolution
		HideSolutionNode = FALSE
	EndGlobalSection
	GlobalSection(NestedProjects) = preSolution
		{A0000001-0000-0000-0000-000000000002} = {A0000001-0000-0000-0000-000000000001}
		{A0000001-0000-0000-0000-000000000003} = {A0000001-0000-0000-0000-000000000001}
		{22CD102E-5ED8-440C-8987-BBF7F701DF12} = {A0000001-0000-0000-0000-000000000002}
		{972F4CE2-781F-4D38-9774-542B361FD23B} = {A0000001-0000-0000-0000-000000000002}
		{F5486BC7-9B72-46A6-9C73-91BF2491C0A3} = {A0000001-0000-0000-0000-000000000003}
		{A0000002-0000-0000-0000-000000000002} = {A0000002-0000-0000-0000-000000000001}
		{A0000002-0000-0000-0000-000000000003} = {A0000002-0000-0000-0000-000000000001}
		{A0000002-0000-0000-0000-000000000004} = {A0000002-0000-0000-0000-000000000001}
		{A0000002-0000-0000-0000-000000000005} = {A0000002-0000-0000-0000-000000000001}
		{A0000002-0000-0000-0000-000000000006} = {A0000002-0000-0000-0000-000000000001}
		{A0000002-0000-0000-0000-000000000007} = {A0000002-0000-0000-0000-000000000001}
		{318E59C2-D63A-48CC-A608-DEA1D34AC248} = {A0000002-0000-0000-0000-000000000002}
		{939FDDB5-90F6-402D-BC0B-CFB4F62A7371} = {A0000002-0000-0000-0000-000000000002}
		{17CE9BCE-D154-48CD-8751-4C9F73EC0985} = {A0000002-0000-0000-0000-000000000003}
		{5B13BB4E-CFC9-4ED8-82BA-1080A662DCC0} = {A0000002-0000-0000-0000-000000000003}
		{FB325E27-D326-4725-A0F9-6884A627F04B} = {A0000002-0000-0000-0000-000000000004}
		{E2B9855F-4217-4922-B728-346A293CAE5B} = {A0000002-0000-0000-0000-000000000004}
		{541F7EA5-E4AD-464E-8427-7ACB1CA63119} = {A0000002-0000-0000-0000-000000000005}
		{0FDB2B5B-AA5A-4C59-9B02-0E435C8ADA5C} = {A0000002-0000-0000-0000-000000000005}
		{20D55D0B-4054-4991-B599-CC1BF8BE95E4} = {A0000002-0000-0000-0000-000000000006}
		{4CA5BE2F-1BB3-49BD-8F16-295B60026861} = {A0000002-0000-0000-0000-000000000006}
		{5FA0E57F-99E1-4E39-B7A1-D7B16A29F1EE} = {A0000002-0000-0000-0000-000000000007}
		{5C829228-7CAD-43E6-997A-D750BED6AC4B} = {A0000002-0000-0000-0000-000000000007}
	EndGlobalSection
EndGlobal
