
Microsoft Visual Studio Solution File, Format Version 12.00
# Visual Studio Version 17
VisualStudioVersion = 17.0.31903.59
MinimumVisualStudioVersion = 10.0.40219.1
Project("{2150E333-8FDC-42A3-9474-1A3956D46DE8}") = "Deploy", "Deploy", "{6DEC682D-5F0D-1973-951C-0B9630672490}"
EndProject
Project("{2150E333-8FDC-42A3-9474-1A3956D46DE8}") = "Core", "Core", "{61D731D4-74BE-AD2B-9D40-0A42AE0DC262}"
EndProject
Project("{FAE04EC0-301F-11D3-BF4B-00C04F79EFBC}") = "LiveOps.DTO", "Deploy\Core\LiveOps.DTO\LiveOps.DTO.csproj", "{22CD102E-5ED8-440C-8987-BBF7F701DF12}"
EndProject
Project("{FAE04EC0-301F-11D3-BF4B-00C04F79EFBC}") = "LiveOps.Core", "Deploy\Core\LiveOps.Core\LiveOps.Core.csproj", "{972F4CE2-781F-4D38-9774-542B361FD23B}"
EndProject
Project("{FAE04EC0-301F-11D3-BF4B-00C04F79EFBC}") = "LiveOps", "Deploy\LiveOps\LiveOps.csproj", "{F5486BC7-9B72-46A6-9C73-91BF2491C0A3}"
EndProject
Project("{2150E333-8FDC-42A3-9474-1A3956D46DE8}") = "Game", "Game", "{AE49D761-A782-2099-29A5-159B937B43CB}"
EndProject
Project("{2150E333-8FDC-42A3-9474-1A3956D46DE8}") = "Cards", "Cards", "{D8358741-644A-258F-DDFC-6BC6EF6C4593}"
EndProject
Project("{FAE04EC0-301F-11D3-BF4B-00C04F79EFBC}") = "Game.LiveOps.Cards", "Game\Cards\Game.LiveOps.Cards.csproj", "{671BA10F-E01C-49E5-8B2B-CDF27FE46F5E}"
EndProject
Project("{FAE04EC0-301F-11D3-BF4B-00C04F79EFBC}") = "Game.LiveOps.Cards.DTO", "Game\Cards.DTO\Game.LiveOps.Cards.DTO.csproj", "{3892CB35-C9CE-4815-A700-5D813D4A7D87}"
EndProject
Project("{FAE04EC0-301F-11D3-BF4B-00C04F79EFBC}") = "Game.LiveOps.Currency", "Game\Currency\Game.LiveOps.Currency.csproj", "{3CB80811-C9BF-4051-821C-B7B33951E619}"
EndProject
Project("{FAE04EC0-301F-11D3-BF4B-00C04F79EFBC}") = "Game.LiveOps.Currency.DTO", "Game\Currency.DTO\Game.LiveOps.Currency.DTO.csproj", "{784E49AB-D028-468C-A525-F3CCCF86E9F2}"
EndProject
Project("{FAE04EC0-301F-11D3-BF4B-00C04F79EFBC}") = "Game.LiveOps.Inventory", "Game\Inventory\Game.LiveOps.Inventory.csproj", "{651883E3-2168-4D7C-8543-5FF92AB3012B}"
EndProject
Project("{FAE04EC0-301F-11D3-BF4B-00C04F79EFBC}") = "Game.LiveOps.Inventory.DTO", "Game\Inventory.DTO\Game.LiveOps.Inventory.DTO.csproj", "{3B57F814-7F57-44FD-8AAC-139F90943092}"
EndProject
Project("{FAE04EC0-301F-11D3-BF4B-00C04F79EFBC}") = "Game.LiveOps.Loadout", "Game\Loadout\Game.LiveOps.Loadout.csproj", "{82EA7CCE-0FD3-4674-BE8F-B59D6AD7081D}"
EndProject
Project("{FAE04EC0-301F-11D3-BF4B-00C04F79EFBC}") = "Game.LiveOps.Loadout.DTO", "Game\Loadout.DTO\Game.LiveOps.Loadout.DTO.csproj", "{AD108254-775F-48FC-8A2C-8DD0A6757645}"
EndProject
Project("{FAE04EC0-301F-11D3-BF4B-00C04F79EFBC}") = "Game.LiveOps.Roguelike", "Game\Roguelike\Game.LiveOps.Roguelike.csproj", "{A3DAE331-7D21-4773-A61E-19353B39E2B8}"
EndProject
Project("{FAE04EC0-301F-11D3-BF4B-00C04F79EFBC}") = "Game.LiveOps.Roguelike.DTO", "Game\Roguelike.DTO\Game.LiveOps.Roguelike.DTO.csproj", "{0CBA9263-FE23-4E03-A747-56E005E872B9}"
EndProject
Project("{FAE04EC0-301F-11D3-BF4B-00C04F79EFBC}") = "Game.LiveOps.Tracks", "Game\Tracks\Game.LiveOps.Tracks.csproj", "{13C2C9B2-5EA6-4EB4-9947-14A58D0A766D}"
EndProject
Project("{FAE04EC0-301F-11D3-BF4B-00C04F79EFBC}") = "Game.LiveOps.Tracks.DTO", "Game\Tracks.DTO\Game.LiveOps.Tracks.DTO.csproj", "{3E4F0445-FD43-4028-AC42-E80A873173E5}"
EndProject
Global
	GlobalSection(SolutionConfigurationPlatforms) = preSolution
		Debug|Any CPU = Debug|Any CPU
		Debug|x64 = Debug|x64
		Debug|x86 = Debug|x86
		Release|Any CPU = Release|Any CPU
		Release|x64 = Release|x64
		Release|x86 = Release|x86
	EndGlobalSection
	GlobalSection(ProjectConfigurationPlatforms) = postSolution
		{22CD102E-5ED8-440C-8987-BBF7F701DF12}.Debug|Any CPU.ActiveCfg = Debug|Any CPU
		{22CD102E-5ED8-440C-8987-BBF7F701DF12}.Debug|Any CPU.Build.0 = Debug|Any CPU
		{22CD102E-5ED8-440C-8987-BBF7F701DF12}.Debug|x64.ActiveCfg = Debug|Any CPU
		{22CD102E-5ED8-440C-8987-BBF7F701DF12}.Debug|x64.Build.0 = Debug|Any CPU
		{22CD102E-5ED8-440C-8987-BBF7F701DF12}.Debug|x86.ActiveCfg = Debug|Any CPU
		{22CD102E-5ED8-440C-8987-BBF7F701DF12}.Debug|x86.Build.0 = Debug|Any CPU
		{22CD102E-5ED8-440C-8987-BBF7F701DF12}.Release|Any CPU.ActiveCfg = Release|Any CPU
		{22CD102E-5ED8-440C-8987-BBF7F701DF12}.Release|Any CPU.Build.0 = Release|Any CPU
		{22CD102E-5ED8-440C-8987-BBF7F701DF12}.Release|x64.ActiveCfg = Release|Any CPU
		{22CD102E-5ED8-440C-8987-BBF7F701DF12}.Release|x64.Build.0 = Release|Any CPU
		{22CD102E-5ED8-440C-8987-BBF7F701DF12}.Release|x86.ActiveCfg = Release|Any CPU
		{22CD102E-5ED8-440C-8987-BBF7F701DF12}.Release|x86.Build.0 = Release|Any CPU
		{972F4CE2-781F-4D38-9774-542B361FD23B}.Debug|Any CPU.ActiveCfg = Debug|Any CPU
		{972F4CE2-781F-4D38-9774-542B361FD23B}.Debug|Any CPU.Build.0 = Debug|Any CPU
		{972F4CE2-781F-4D38-9774-542B361FD23B}.Debug|x64.ActiveCfg = Debug|Any CPU
		{972F4CE2-781F-4D38-9774-542B361FD23B}.Debug|x64.Build.0 = Debug|Any CPU
		{972F4CE2-781F-4D38-9774-542B361FD23B}.Debug|x86.ActiveCfg = Debug|Any CPU
		{972F4CE2-781F-4D38-9774-542B361FD23B}.Debug|x86.Build.0 = Debug|Any CPU
		{972F4CE2-781F-4D38-9774-542B361FD23B}.Release|Any CPU.ActiveCfg = Release|Any CPU
		{972F4CE2-781F-4D38-9774-542B361FD23B}.Release|Any CPU.Build.0 = Release|Any CPU
		{972F4CE2-781F-4D38-9774-542B361FD23B}.Release|x64.ActiveCfg = Release|Any CPU
		{972F4CE2-781F-4D38-9774-542B361FD23B}.Release|x64.Build.0 = Release|Any CPU
		{972F4CE2-781F-4D38-9774-542B361FD23B}.Release|x86.ActiveCfg = Release|Any CPU
		{972F4CE2-781F-4D38-9774-542B361FD23B}.Release|x86.Build.0 = Release|Any CPU
		{F5486BC7-9B72-46A6-9C73-91BF2491C0A3}.Debug|Any CPU.ActiveCfg = Debug|Any CPU
		{F5486BC7-9B72-46A6-9C73-91BF2491C0A3}.Debug|Any CPU.Build.0 = Debug|Any CPU
		{F5486BC7-9B72-46A6-9C73-91BF2491C0A3}.Debug|x64.ActiveCfg = Debug|Any CPU
		{F5486BC7-9B72-46A6-9C73-91BF2491C0A3}.Debug|x64.Build.0 = Debug|Any CPU
		{F5486BC7-9B72-46A6-9C73-91BF2491C0A3}.Debug|x86.ActiveCfg = Debug|Any CPU
		{F5486BC7-9B72-46A6-9C73-91BF2491C0A3}.Debug|x86.Build.0 = Debug|Any CPU
		{F5486BC7-9B72-46A6-9C73-91BF2491C0A3}.Release|Any CPU.ActiveCfg = Release|Any CPU
		{F5486BC7-9B72-46A6-9C73-91BF2491C0A3}.Release|Any CPU.Build.0 = Release|Any CPU
		{F5486BC7-9B72-46A6-9C73-91BF2491C0A3}.Release|x64.ActiveCfg = Release|Any CPU
		{F5486BC7-9B72-46A6-9C73-91BF2491C0A3}.Release|x64.Build.0 = Release|Any CPU
		{F5486BC7-9B72-46A6-9C73-91BF2491C0A3}.Release|x86.ActiveCfg = Release|Any CPU
		{F5486BC7-9B72-46A6-9C73-91BF2491C0A3}.Release|x86.Build.0 = Release|Any CPU
		{671BA10F-E01C-49E5-8B2B-CDF27FE46F5E}.Debug|Any CPU.ActiveCfg = Debug|Any CPU
		{671BA10F-E01C-49E5-8B2B-CDF27FE46F5E}.Debug|Any CPU.Build.0 = Debug|Any CPU
		{671BA10F-E01C-49E5-8B2B-CDF27FE46F5E}.Debug|x64.ActiveCfg = Debug|Any CPU
		{671BA10F-E01C-49E5-8B2B-CDF27FE46F5E}.Debug|x64.Build.0 = Debug|Any CPU
		{671BA10F-E01C-49E5-8B2B-CDF27FE46F5E}.Debug|x86.ActiveCfg = Debug|Any CPU
		{671BA10F-E01C-49E5-8B2B-CDF27FE46F5E}.Debug|x86.Build.0 = Debug|Any CPU
		{671BA10F-E01C-49E5-8B2B-CDF27FE46F5E}.Release|Any CPU.ActiveCfg = Release|Any CPU
		{671BA10F-E01C-49E5-8B2B-CDF27FE46F5E}.Release|Any CPU.Build.0 = Release|Any CPU
		{671BA10F-E01C-49E5-8B2B-CDF27FE46F5E}.Release|x64.ActiveCfg = Release|Any CPU
		{671BA10F-E01C-49E5-8B2B-CDF27FE46F5E}.Release|x64.Build.0 = Release|Any CPU
		{671BA10F-E01C-49E5-8B2B-CDF27FE46F5E}.Release|x86.ActiveCfg = Release|Any CPU
		{671BA10F-E01C-49E5-8B2B-CDF27FE46F5E}.Release|x86.Build.0 = Release|Any CPU
		{3892CB35-C9CE-4815-A700-5D813D4A7D87}.Debug|Any CPU.ActiveCfg = Debug|Any CPU
		{3892CB35-C9CE-4815-A700-5D813D4A7D87}.Debug|Any CPU.Build.0 = Debug|Any CPU
		{3892CB35-C9CE-4815-A700-5D813D4A7D87}.Debug|x64.ActiveCfg = Debug|Any CPU
		{3892CB35-C9CE-4815-A700-5D813D4A7D87}.Debug|x64.Build.0 = Debug|Any CPU
		{3892CB35-C9CE-4815-A700-5D813D4A7D87}.Debug|x86.ActiveCfg = Debug|Any CPU
		{3892CB35-C9CE-4815-A700-5D813D4A7D87}.Debug|x86.Build.0 = Debug|Any CPU
		{3892CB35-C9CE-4815-A700-5D813D4A7D87}.Release|Any CPU.ActiveCfg = Release|Any CPU
		{3892CB35-C9CE-4815-A700-5D813D4A7D87}.Release|Any CPU.Build.0 = Release|Any CPU
		{3892CB35-C9CE-4815-A700-5D813D4A7D87}.Release|x64.ActiveCfg = Release|Any CPU
		{3892CB35-C9CE-4815-A700-5D813D4A7D87}.Release|x64.Build.0 = Release|Any CPU
		{3892CB35-C9CE-4815-A700-5D813D4A7D87}.Release|x86.ActiveCfg = Release|Any CPU
		{3892CB35-C9CE-4815-A700-5D813D4A7D87}.Release|x86.Build.0 = Release|Any CPU
		{3CB80811-C9BF-4051-821C-B7B33951E619}.Debug|Any CPU.ActiveCfg = Debug|Any CPU
		{3CB80811-C9BF-4051-821C-B7B33951E619}.Debug|Any CPU.Build.0 = Debug|Any CPU
		{3CB80811-C9BF-4051-821C-B7B33951E619}.Debug|x64.ActiveCfg = Debug|Any CPU
		{3CB80811-C9BF-4051-821C-B7B33951E619}.Debug|x64.Build.0 = Debug|Any CPU
		{3CB80811-C9BF-4051-821C-B7B33951E619}.Debug|x86.ActiveCfg = Debug|Any CPU
		{3CB80811-C9BF-4051-821C-B7B33951E619}.Debug|x86.Build.0 = Debug|Any CPU
		{3CB80811-C9BF-4051-821C-B7B33951E619}.Release|Any CPU.ActiveCfg = Release|Any CPU
		{3CB80811-C9BF-4051-821C-B7B33951E619}.Release|Any CPU.Build.0 = Release|Any CPU
		{3CB80811-C9BF-4051-821C-B7B33951E619}.Release|x64.ActiveCfg = Release|Any CPU
		{3CB80811-C9BF-4051-821C-B7B33951E619}.Release|x64.Build.0 = Release|Any CPU
		{3CB80811-C9BF-4051-821C-B7B33951E619}.Release|x86.ActiveCfg = Release|Any CPU
		{3CB80811-C9BF-4051-821C-B7B33951E619}.Release|x86.Build.0 = Release|Any CPU
		{784E49AB-D028-468C-A525-F3CCCF86E9F2}.Debug|Any CPU.ActiveCfg = Debug|Any CPU
		{784E49AB-D028-468C-A525-F3CCCF86E9F2}.Debug|Any CPU.Build.0 = Debug|Any CPU
		{784E49AB-D028-468C-A525-F3CCCF86E9F2}.Debug|x64.ActiveCfg = Debug|Any CPU
		{784E49AB-D028-468C-A525-F3CCCF86E9F2}.Debug|x64.Build.0 = Debug|Any CPU
		{784E49AB-D028-468C-A525-F3CCCF86E9F2}.Debug|x86.ActiveCfg = Debug|Any CPU
		{784E49AB-D028-468C-A525-F3CCCF86E9F2}.Debug|x86.Build.0 = Debug|Any CPU
		{784E49AB-D028-468C-A525-F3CCCF86E9F2}.Release|Any CPU.ActiveCfg = Release|Any CPU
		{784E49AB-D028-468C-A525-F3CCCF86E9F2}.Release|Any CPU.Build.0 = Release|Any CPU
		{784E49AB-D028-468C-A525-F3CCCF86E9F2}.Release|x64.ActiveCfg = Release|Any CPU
		{784E49AB-D028-468C-A525-F3CCCF86E9F2}.Release|x64.Build.0 = Release|Any CPU
		{784E49AB-D028-468C-A525-F3CCCF86E9F2}.Release|x86.ActiveCfg = Release|Any CPU
		{784E49AB-D028-468C-A525-F3CCCF86E9F2}.Release|x86.Build.0 = Release|Any CPU
		{651883E3-2168-4D7C-8543-5FF92AB3012B}.Debug|Any CPU.ActiveCfg = Debug|Any CPU
		{651883E3-2168-4D7C-8543-5FF92AB3012B}.Debug|Any CPU.Build.0 = Debug|Any CPU
		{651883E3-2168-4D7C-8543-5FF92AB3012B}.Debug|x64.ActiveCfg = Debug|Any CPU
		{651883E3-2168-4D7C-8543-5FF92AB3012B}.Debug|x64.Build.0 = Debug|Any CPU
		{651883E3-2168-4D7C-8543-5FF92AB3012B}.Debug|x86.ActiveCfg = Debug|Any CPU
		{651883E3-2168-4D7C-8543-5FF92AB3012B}.Debug|x86.Build.0 = Debug|Any CPU
		{651883E3-2168-4D7C-8543-5FF92AB3012B}.Release|Any CPU.ActiveCfg = Release|Any CPU
		{651883E3-2168-4D7C-8543-5FF92AB3012B}.Release|Any CPU.Build.0 = Release|Any CPU
		{651883E3-2168-4D7C-8543-5FF92AB3012B}.Release|x64.ActiveCfg = Release|Any CPU
		{651883E3-2168-4D7C-8543-5FF92AB3012B}.Release|x64.Build.0 = Release|Any CPU
		{651883E3-2168-4D7C-8543-5FF92AB3012B}.Release|x86.ActiveCfg = Release|Any CPU
		{651883E3-2168-4D7C-8543-5FF92AB3012B}.Release|x86.Build.0 = Release|Any CPU
		{3B57F814-7F57-44FD-8AAC-139F90943092}.Debug|Any CPU.ActiveCfg = Debug|Any CPU
		{3B57F814-7F57-44FD-8AAC-139F90943092}.Debug|Any CPU.Build.0 = Debug|Any CPU
		{3B57F814-7F57-44FD-8AAC-139F90943092}.Debug|x64.ActiveCfg = Debug|Any CPU
		{3B57F814-7F57-44FD-8AAC-139F90943092}.Debug|x64.Build.0 = Debug|Any CPU
		{3B57F814-7F57-44FD-8AAC-139F90943092}.Debug|x86.ActiveCfg = Debug|Any CPU
		{3B57F814-7F57-44FD-8AAC-139F90943092}.Debug|x86.Build.0 = Debug|Any CPU
		{3B57F814-7F57-44FD-8AAC-139F90943092}.Release|Any CPU.ActiveCfg = Release|Any CPU
		{3B57F814-7F57-44FD-8AAC-139F90943092}.Release|Any CPU.Build.0 = Release|Any CPU
		{3B57F814-7F57-44FD-8AAC-139F90943092}.Release|x64.ActiveCfg = Release|Any CPU
		{3B57F814-7F57-44FD-8AAC-139F90943092}.Release|x64.Build.0 = Release|Any CPU
		{3B57F814-7F57-44FD-8AAC-139F90943092}.Release|x86.ActiveCfg = Release|Any CPU
		{3B57F814-7F57-44FD-8AAC-139F90943092}.Release|x86.Build.0 = Release|Any CPU
		{82EA7CCE-0FD3-4674-BE8F-B59D6AD7081D}.Debug|Any CPU.ActiveCfg = Debug|Any CPU
		{82EA7CCE-0FD3-4674-BE8F-B59D6AD7081D}.Debug|Any CPU.Build.0 = Debug|Any CPU
		{82EA7CCE-0FD3-4674-BE8F-B59D6AD7081D}.Debug|x64.ActiveCfg = Debug|Any CPU
		{82EA7CCE-0FD3-4674-BE8F-B59D6AD7081D}.Debug|x64.Build.0 = Debug|Any CPU
		{82EA7CCE-0FD3-4674-BE8F-B59D6AD7081D}.Debug|x86.ActiveCfg = Debug|Any CPU
		{82EA7CCE-0FD3-4674-BE8F-B59D6AD7081D}.Debug|x86.Build.0 = Debug|Any CPU
		{82EA7CCE-0FD3-4674-BE8F-B59D6AD7081D}.Release|Any CPU.ActiveCfg = Release|Any CPU
		{82EA7CCE-0FD3-4674-BE8F-B59D6AD7081D}.Release|Any CPU.Build.0 = Release|Any CPU
		{82EA7CCE-0FD3-4674-BE8F-B59D6AD7081D}.Release|x64.ActiveCfg = Release|Any CPU
		{82EA7CCE-0FD3-4674-BE8F-B59D6AD7081D}.Release|x64.Build.0 = Release|Any CPU
		{82EA7CCE-0FD3-4674-BE8F-B59D6AD7081D}.Release|x86.ActiveCfg = Release|Any CPU
		{82EA7CCE-0FD3-4674-BE8F-B59D6AD7081D}.Release|x86.Build.0 = Release|Any CPU
		{AD108254-775F-48FC-8A2C-8DD0A6757645}.Debug|Any CPU.ActiveCfg = Debug|Any CPU
		{AD108254-775F-48FC-8A2C-8DD0A6757645}.Debug|Any CPU.Build.0 = Debug|Any CPU
		{AD108254-775F-48FC-8A2C-8DD0A6757645}.Debug|x64.ActiveCfg = Debug|Any CPU
		{AD108254-775F-48FC-8A2C-8DD0A6757645}.Debug|x64.Build.0 = Debug|Any CPU
		{AD108254-775F-48FC-8A2C-8DD0A6757645}.Debug|x86.ActiveCfg = Debug|Any CPU
		{AD108254-775F-48FC-8A2C-8DD0A6757645}.Debug|x86.Build.0 = Debug|Any CPU
		{AD108254-775F-48FC-8A2C-8DD0A6757645}.Release|Any CPU.ActiveCfg = Release|Any CPU
		{AD108254-775F-48FC-8A2C-8DD0A6757645}.Release|Any CPU.Build.0 = Release|Any CPU
		{AD108254-775F-48FC-8A2C-8DD0A6757645}.Release|x64.ActiveCfg = Release|Any CPU
		{AD108254-775F-48FC-8A2C-8DD0A6757645}.Release|x64.Build.0 = Release|Any CPU
		{AD108254-775F-48FC-8A2C-8DD0A6757645}.Release|x86.ActiveCfg = Release|Any CPU
		{AD108254-775F-48FC-8A2C-8DD0A6757645}.Release|x86.Build.0 = Release|Any CPU
		{A3DAE331-7D21-4773-A61E-19353B39E2B8}.Debug|Any CPU.ActiveCfg = Debug|Any CPU
		{A3DAE331-7D21-4773-A61E-19353B39E2B8}.Debug|Any CPU.Build.0 = Debug|Any CPU
		{A3DAE331-7D21-4773-A61E-19353B39E2B8}.Debug|x64.ActiveCfg = Debug|Any CPU
		{A3DAE331-7D21-4773-A61E-19353B39E2B8}.Debug|x64.Build.0 = Debug|Any CPU
		{A3DAE331-7D21-4773-A61E-19353B39E2B8}.Debug|x86.ActiveCfg = Debug|Any CPU
		{A3DAE331-7D21-4773-A61E-19353B39E2B8}.Debug|x86.Build.0 = Debug|Any CPU
		{A3DAE331-7D21-4773-A61E-19353B39E2B8}.Release|Any CPU.ActiveCfg = Release|Any CPU
		{A3DAE331-7D21-4773-A61E-19353B39E2B8}.Release|Any CPU.Build.0 = Release|Any CPU
		{A3DAE331-7D21-4773-A61E-19353B39E2B8}.Release|x64.ActiveCfg = Release|Any CPU
		{A3DAE331-7D21-4773-A61E-19353B39E2B8}.Release|x64.Build.0 = Release|Any CPU
		{A3DAE331-7D21-4773-A61E-19353B39E2B8}.Release|x86.ActiveCfg = Release|Any CPU
		{A3DAE331-7D21-4773-A61E-19353B39E2B8}.Release|x86.Build.0 = Release|Any CPU
		{0CBA9263-FE23-4E03-A747-56E005E872B9}.Debug|Any CPU.ActiveCfg = Debug|Any CPU
		{0CBA9263-FE23-4E03-A747-56E005E872B9}.Debug|Any CPU.Build.0 = Debug|Any CPU
		{0CBA9263-FE23-4E03-A747-56E005E872B9}.Debug|x64.ActiveCfg = Debug|Any CPU
		{0CBA9263-FE23-4E03-A747-56E005E872B9}.Debug|x64.Build.0 = Debug|Any CPU
		{0CBA9263-FE23-4E03-A747-56E005E872B9}.Debug|x86.ActiveCfg = Debug|Any CPU
		{0CBA9263-FE23-4E03-A747-56E005E872B9}.Debug|x86.Build.0 = Debug|Any CPU
		{0CBA9263-FE23-4E03-A747-56E005E872B9}.Release|Any CPU.ActiveCfg = Release|Any CPU
		{0CBA9263-FE23-4E03-A747-56E005E872B9}.Release|Any CPU.Build.0 = Release|Any CPU
		{0CBA9263-FE23-4E03-A747-56E005E872B9}.Release|x64.ActiveCfg = Release|Any CPU
		{0CBA9263-FE23-4E03-A747-56E005E872B9}.Release|x64.Build.0 = Release|Any CPU
		{0CBA9263-FE23-4E03-A747-56E005E872B9}.Release|x86.ActiveCfg = Release|Any CPU
		{0CBA9263-FE23-4E03-A747-56E005E872B9}.Release|x86.Build.0 = Release|Any CPU
		{13C2C9B2-5EA6-4EB4-9947-14A58D0A766D}.Debug|Any CPU.ActiveCfg = Debug|Any CPU
		{13C2C9B2-5EA6-4EB4-9947-14A58D0A766D}.Debug|Any CPU.Build.0 = Debug|Any CPU
		{13C2C9B2-5EA6-4EB4-9947-14A58D0A766D}.Debug|x64.ActiveCfg = Debug|Any CPU
		{13C2C9B2-5EA6-4EB4-9947-14A58D0A766D}.Debug|x64.Build.0 = Debug|Any CPU
		{13C2C9B2-5EA6-4EB4-9947-14A58D0A766D}.Debug|x86.ActiveCfg = Debug|Any CPU
		{13C2C9B2-5EA6-4EB4-9947-14A58D0A766D}.Debug|x86.Build.0 = Debug|Any CPU
		{13C2C9B2-5EA6-4EB4-9947-14A58D0A766D}.Release|Any CPU.ActiveCfg = Release|Any CPU
		{13C2C9B2-5EA6-4EB4-9947-14A58D0A766D}.Release|Any CPU.Build.0 = Release|Any CPU
		{13C2C9B2-5EA6-4EB4-9947-14A58D0A766D}.Release|x64.ActiveCfg = Release|Any CPU
		{13C2C9B2-5EA6-4EB4-9947-14A58D0A766D}.Release|x64.Build.0 = Release|Any CPU
		{13C2C9B2-5EA6-4EB4-9947-14A58D0A766D}.Release|x86.ActiveCfg = Release|Any CPU
		{13C2C9B2-5EA6-4EB4-9947-14A58D0A766D}.Release|x86.Build.0 = Release|Any CPU
		{3E4F0445-FD43-4028-AC42-E80A873173E5}.Debug|Any CPU.ActiveCfg = Debug|Any CPU
		{3E4F0445-FD43-4028-AC42-E80A873173E5}.Debug|Any CPU.Build.0 = Debug|Any CPU
		{3E4F0445-FD43-4028-AC42-E80A873173E5}.Debug|x64.ActiveCfg = Debug|Any CPU
		{3E4F0445-FD43-4028-AC42-E80A873173E5}.Debug|x64.Build.0 = Debug|Any CPU
		{3E4F0445-FD43-4028-AC42-E80A873173E5}.Debug|x86.ActiveCfg = Debug|Any CPU
		{3E4F0445-FD43-4028-AC42-E80A873173E5}.Debug|x86.Build.0 = Debug|Any CPU
		{3E4F0445-FD43-4028-AC42-E80A873173E5}.Release|Any CPU.ActiveCfg = Release|Any CPU
		{3E4F0445-FD43-4028-AC42-E80A873173E5}.Release|Any CPU.Build.0 = Release|Any CPU
		{3E4F0445-FD43-4028-AC42-E80A873173E5}.Release|x64.ActiveCfg = Release|Any CPU
		{3E4F0445-FD43-4028-AC42-E80A873173E5}.Release|x64.Build.0 = Release|Any CPU
		{3E4F0445-FD43-4028-AC42-E80A873173E5}.Release|x86.ActiveCfg = Release|Any CPU
		{3E4F0445-FD43-4028-AC42-E80A873173E5}.Release|x86.Build.0 = Release|Any CPU
	EndGlobalSection
	GlobalSection(SolutionProperties) = preSolution
		HideSolutionNode = FALSE
	EndGlobalSection
	GlobalSection(NestedProjects) = preSolution
		{61D731D4-74BE-AD2B-9D40-0A42AE0DC262} = {6DEC682D-5F0D-1973-951C-0B9630672490}
		{22CD102E-5ED8-440C-8987-BBF7F701DF12} = {61D731D4-74BE-AD2B-9D40-0A42AE0DC262}
		{972F4CE2-781F-4D38-9774-542B361FD23B} = {61D731D4-74BE-AD2B-9D40-0A42AE0DC262}
		{F5486BC7-9B72-46A6-9C73-91BF2491C0A3} = {61D731D4-74BE-AD2B-9D40-0A42AE0DC262}
		{D8358741-644A-258F-DDFC-6BC6EF6C4593} = {AE49D761-A782-2099-29A5-159B937B43CB}
		{671BA10F-E01C-49E5-8B2B-CDF27FE46F5E} = {D8358741-644A-258F-DDFC-6BC6EF6C4593}
		{3892CB35-C9CE-4815-A700-5D813D4A7D87} = {D8358741-644A-258F-DDFC-6BC6EF6C4593}
		{3CB80811-C9BF-4051-821C-B7B33951E619} = {D8358741-644A-258F-DDFC-6BC6EF6C4593}
		{784E49AB-D028-468C-A525-F3CCCF86E9F2} = {D8358741-644A-258F-DDFC-6BC6EF6C4593}
		{651883E3-2168-4D7C-8543-5FF92AB3012B} = {D8358741-644A-258F-DDFC-6BC6EF6C4593}
		{3B57F814-7F57-44FD-8AAC-139F90943092} = {D8358741-644A-258F-DDFC-6BC6EF6C4593}
		{82EA7CCE-0FD3-4674-BE8F-B59D6AD7081D} = {D8358741-644A-258F-DDFC-6BC6EF6C4593}
		{AD108254-775F-48FC-8A2C-8DD0A6757645} = {D8358741-644A-258F-DDFC-6BC6EF6C4593}
		{A3DAE331-7D21-4773-A61E-19353B39E2B8} = {D8358741-644A-258F-DDFC-6BC6EF6C4593}
		{0CBA9263-FE23-4E03-A747-56E005E872B9} = {D8358741-644A-258F-DDFC-6BC6EF6C4593}
		{13C2C9B2-5EA6-4EB4-9947-14A58D0A766D} = {D8358741-644A-258F-DDFC-6BC6EF6C4593}
		{3E4F0445-FD43-4028-AC42-E80A873173E5} = {D8358741-644A-258F-DDFC-6BC6EF6C4593}
	EndGlobalSection
EndGlobal
